
Microsoft Visual Studio Solution File, Format Version 12.00
# Visual Studio Version 16
VisualStudioVersion = 16.0.32929.386
MinimumVisualStudioVersion = 10.0.40219.1
Project("{FAE04EC0-301F-11D3-BF4B-00C04F79EFBC}") = "hafta", "hafta.csproj", "{B5148510-A7F9-4084-9E77-7B0CBD903CBB}"
EndProject
Global
	GlobalSection(SolutionConfigurationPlatforms) = preSolution
		Debug|Any CPU = Debug|Any CPU
		Release|Any CPU = Release|Any CPU
	EndGlobalSection
	GlobalSection(ProjectConfigurationPlatforms) = postSolution
		{B5148510-A7F9-4084-9E77-7B0CBD903CBB}.Debug|Any CPU.ActiveCfg = Debug|Any CPU
		{B5148510-A7F9-4084-9E77-7B0CBD903CBB}.Debug|Any CPU.Build.0 = Debug|Any CPU
		{B5148510-A7F9-4084-9E77-7B0CBD903CBB}.Release|Any CPU.ActiveCfg = Release|Any CPU
		{B5148510-A7F9-4084-9E77-7B0CBD903CBB}.Release|Any CPU.Build.0 = Release|Any CPU
	EndGlobalSection
	GlobalSection(SolutionProperties) = preSolution
		HideSolutionNode = FALSE
	EndGlobalSection
	GlobalSection(ExtensibilityGlobals) = postSolution
		SolutionGuid = {8522E6A2-2F5A-456D-8540-E999B4446B44}
	EndGlobalSection
EndGlobal
